
Microsoft Visual Studio Solution File, Format Version 12.00
# Visual Studio Version 16
VisualStudioVersion = 16.0.29319.158
MinimumVisualStudioVersion = 10.0.40219.1
Project("{FAE04EC0-301F-11D3-BF4B-00C04F79EFBC}") = "BlazorAppRenderFragment", "BlazorAppRenderFragment\BlazorAppRenderFragment.csproj", "{B71FD0D2-C158-4421-A786-25039698515F}"
EndProject
Global
	GlobalSection(SolutionConfigurationPlatforms) = preSolution
		Debug|Any CPU = Debug|Any CPU
		Release|Any CPU = Release|Any CPU
	EndGlobalSection
	GlobalSection(ProjectConfigurationPlatforms) = postSolution
		{B71FD0D2-C158-4421-A786-25039698515F}.Debug|Any CPU.ActiveCfg = Debug|Any CPU
		{B71FD0D2-C158-4421-A786-25039698515F}.Debug|Any CPU.Build.0 = Debug|Any CPU
		{B71FD0D2-C158-4421-A786-25039698515F}.Release|Any CPU.ActiveCfg = Release|Any CPU
		{B71FD0D2-C158-4421-A786-25039698515F}.Release|Any CPU.Build.0 = Release|Any CPU
	EndGlobalSection
	GlobalSection(SolutionProperties) = preSolution
		HideSolutionNode = FALSE
	EndGlobalSection
	GlobalSection(ExtensibilityGlobals) = postSolution
		SolutionGuid = {98471F06-4939-44FD-8E31-99C3CEE4828B}
	EndGlobalSection
EndGlobal
